{
  "name": "renovate-javascript-fixture",
  "version": "1.0.0",
  "lockfileVersion": 3,
  "requires": true,
  "packages": {
    "": {
      "name": "renovate-javascript-fixture",
      "version": "1.0.0",
      "dependencies": {
        "fastify": "^5.0.0"
      },
      "devDependencies": {
        "typescript": "^5.0.0"
      },
      "engines": {
        "node": ">=22"
      }
    }
  }
}
